// !$*UTF8*$!
{
	archiveVersion = 1;
	classes = {
	};
	objectVersion = 50;
	objects = {

/* Begin PBXBuildFile section */
		890EDEDC259DBBEE00BDEBEF /* AppDelegate.swift in Sources */ = {isa = PBXBuildFile; fileRef = 890EDEDB259DBBEE00BDEBEF /* AppDelegate.swift */; };
		890EDEDE259DBBEE00BDEBEF /* SceneDelegate.swift in Sources */ = {isa = PBXBuildFile; fileRef = 890EDEDD259DBBEE00BDEBEF /* SceneDelegate.swift */; };
		890EDEE0259DBBEE00BDEBEF /* ViewController.swift in Sources */ = {isa = PBXBuildFile; fileRef = 890EDEDF259DBBEE00BDEBEF /* ViewController.swift */; };
		890EDEE3259DBBEE00BDEBEF /* Main.storyboard in Resources */ = {isa = PBXBuildFile; fileRef = 890EDEE1259DBBEE00BDEBEF /* Main.storyboard */; };
		890EDEE5259DBBEE00BDEBEF /* Assets.xcassets in Resources */ = {isa = PBXBuildFile; fileRef = 890EDEE4259DBBEE00BDEBEF /* Assets.xcassets */; };
		890EDEE8259DBBEE00BDEBEF /* LaunchScreen.storyboard in Resources */ = {isa = PBXBuildFile; fileRef = 890EDEE6259DBBEE00BDEBEF /* LaunchScreen.storyboard */; };
/* End PBXBuildFile section */

/* Begin PBXFileReference section */
		890EDED8259DBBEE00BDEBEF /* Foodify.app */ = {isa = PBXFileReference; explicitFileType = wrapper.application; includeInIndex = 0; path = Foodify.app; sourceTree = BUILT_PRODUCTS_DIR; };
		890EDEDB259DBBEE00BDEBEF /* AppDelegate.swift */ = {isa = PBXFileReference; lastKnownFileType = sourcecode.swift; path = AppDelegate.swift; sourceTree = "<group>"; };
		890EDEDD259DBBEE00BDEBEF /* SceneDelegate.swift */ = {isa = PBXFileReference; lastKnownFileType = sourcecode.swift; path = SceneDelegate.swift; sourceTree = "<group>"; };
		890EDEDF259DBBEE00BDEBEF /* ViewController.swift */ = {isa = PBXFileReference; lastKnownFileType = sourcecode.swift; path = ViewController.swift; sourceTree = "<group>"; };
		890EDEE2259DBBEE00BDEBEF /* Base */ = {isa = PBXFileReference; lastKnownFileType = file.storyboard; name = Base; path = Base.lproj/Main.storyboard; sourceTree = "<group>"; };
		890EDEE4259DBBEE00BDEBEF /* Assets.xcassets */ = {isa = PBXFileReference; lastKnownFileType = folder.assetcatalog; path = Assets.xcassets; sourceTree = "<group>"; };
		890EDEE7259DBBEE00BDEBEF /* Base */ = {isa = PBXFileReference; lastKnownFileType = file.storyboard; name = Base; path = Base.lproj/LaunchScreen.storyboard; sourceTree = "<group>"; };
		890EDEE9259DBBEE00BDEBEF /* Info.plist */ = {isa = PBXFileReference; lastKnownFileType = text.plist.xml; path = Info.plist; sourceTree = "<group>"; };
/* End PBXFileReference section */

/* Begin PBXFrameworksBuildPhase section */
		890EDED5259DBBEE00BDEBEF /* Frameworks */ = {
			isa = PBXFrameworksBuildPhase;
			buildActionMask = 2147483647;
			files = (
			);
			runOnlyForDeploymentPostprocessing = 0;
		};
/* End PBXFrameworksBuildPhase section */

/* Begin PBXGroup section */
		890EDECF259DBBEE00BDEBEF = {
			isa = PBXGroup;
			children = (
				890EDEDA259DBBEE00BDEBEF /* Foodify */,
				890EDED9259DBBEE00BDEBEF /* Products */,
			);
			sourceTree = "<group>";
		};
		890EDED9259DBBEE00BDEBEF /* Products */ = {
			isa = PBXGroup;
			children = (
				890EDED8259DBBEE00BDEBEF /* Foodify.app */,
			);
			name = Products;
			sourceTree = "<group>";
		};
		890EDEDA259DBBEE00BDEBEF /* Foodify */ = {
			isa = PBXGroup;
			children = (
				890EDEDB259DBBEE00BDEBEF /* AppDelegate.swift */,
				890EDEDD259DBBEE00BDEBEF /* SceneDelegate.swift */,
				890EDEDF259DBBEE00BDEBEF /* ViewController.swift */,
				890EDEE1259DBBEE00BDEBEF /* Main.storyboard */,
				890EDEE4259DBBEE00BDEBEF /* Assets.xcassets */,
				890EDEE6259DBBEE00BDEBEF /* LaunchScreen.storyboard */,
				890EDEE9259DBBEE00BDEBEF /* Info.plist */,
			);
			path = Foodify;
			sourceTree = "<group>";
		};
/* End PBXGroup section */

/* Begin PBXNativeTarget section */
		890EDED7259DBBEE00BDEBEF /* Foodify */ = {
			isa = PBXNativeTarget;
			buildConfigurationList = 890EDEEC259DBBEE00BDEBEF /* Build configuration list for PBXNativeTarget "Foodify" */;
			buildPhases = (
				890EDED4259DBBEE00BDEBEF /* Sources */,
				890EDED5259DBBEE00BDEBEF /* Frameworks */,
				890EDED6259DBBEE00BDEBEF /* Resources */,
			);
			buildRules = (
			);
			dependencies = (
			);
			name = Foodify;
			productName = Foodify;
			productReference = 890EDED8259DBBEE00BDEBEF /* Foodify.app */;
			productType = "com.apple.product-type.application";
		};
/* End PBXNativeTarget section */

/* Begin PBXProject section */
		890EDED0259DBBEE00BDEBEF /* Project object */ = {
			isa = PBXProject;
			attributes = {
				LastSwiftUpdateCheck = 1130;
				LastUpgradeCheck = 1130;
				ORGANIZATIONNAME = "Kementerian Agama RI";
				TargetAttributes = {
					890EDED7259DBBEE00BDEBEF = {
						CreatedOnToolsVersion = 11.3.1;
					};
				};
			};
			buildConfigurationList = 890EDED3259DBBEE00BDEBEF /* Build configuration list for PBXProject "Foodify" */;
			compatibilityVersion = "Xcode 9.3";
			developmentRegion = en;
			hasScannedForEncodings = 0;
			knownRegions = (
				en,
				Base,
			);
			mainGroup = 890EDECF259DBBEE00BDEBEF;
			productRefGroup = 890EDED9259DBBEE00BDEBEF /* Products */;
			projectDirPath = "";
			projectRoot = "";
			targets = (
				890EDED7259DBBEE00BDEBEF /* Foodify */,
			);
		};
/* End PBXProject section */

/* Begin PBXResourcesBuildPhase section */
		890EDED6259DBBEE00BDEBEF /* Resources */ = {
			isa = PBXResourcesBuildPhase;
			buildActionMask = 2147483647;
			files = (
				890EDEE8259DBBEE00BDEBEF /* LaunchScreen.storyboard in Resources */,
				890EDEE5259DBBEE00BDEBEF /* Assets.xcassets in Resources */,
				890EDEE3259DBBEE00BDEBEF /* Main.storyboard in Resources */,
			);
			runOnlyForDeploymentPostprocessing = 0;
		};
/* End PBXResourcesBuildPhase section */

/* Begin PBXSourcesBuildPhase section */
		890EDED4259DBBEE00BDEBEF /* Sources */ = {
			isa = PBXSourcesBuildPhase;
			buildActionMask = 2147483647;
			files = (
				890EDEE0259DBBEE00BDEBEF /* ViewController.swift in Sources */,
				890EDEDC259DBBEE00BDEBEF /* AppDelegate.swift in Sources */,
				890EDEDE259DBBEE00BDEBEF /* SceneDelegate.swift in Sources */,
			);
			runOnlyForDeploymentPostprocessing = 0;
		};
/* End PBXSourcesBuildPhase section */

/* Begin PBXVariantGroup section */
		890EDEE1259DBBEE00BDEBEF /* Main.storyboard */ = {
			isa = PBXVariantGroup;
			children = (
				890EDEE2259DBBEE00BDEBEF /* Base */,
			);
			name = Main.storyboard;
			sourceTree = "<group>";
		};
		890EDEE6259DBBEE00BDEBEF /* LaunchScreen.storyboard */ = {
			isa = PBXVariantGroup;
			children = (
				890EDEE7259DBBEE00BDEBEF /* Base */,
			);
			name = LaunchScreen.storyboard;
			sourceTree = "<group>";
		};
/* End PBXVariantGroup section */

/* Begin XCBuildConfiguration section */
		890EDEEA259DBBEE00BDEBEF /* Debug */ = {
			isa = XCBuildConfiguration;
			buildSettings = {
				ALWAYS_SEARCH_USER_PATHS = NO;
				CLANG_ANALYZER_NONNULL = YES;
				CLANG_ANALYZER_NUMBER_OBJECT_CONVERSION = YES_AGGRESSIVE;
				CLANG_CXX_LANGUAGE_STANDARD = "gnu++14";
				CLANG_CXX_LIBRARY = "libc++";
				CLANG_ENABLE_MODULES = YES;
				CLANG_ENABLE_OBJC_ARC = YES;
				CLANG_ENABLE_OBJC_WEAK = YES;
				CLANG_WARN_BLOCK_CAPTURE_AUTORELEASING = YES;
				CLANG_WARN_BOOL_CONVERSION = YES;
				CLANG_WARN_COMMA = YES;
				CLANG_WARN_CONSTANT_CONVERSION = YES;
				CLANG_WARN_DEPRECATED_OBJC_IMPLEMENTATIONS = YES;
				CLANG_WARN_DIRECT_OBJC_ISA_USAGE = YES_ERROR;
				CLANG_WARN_DOCUMENTATION_COMMENTS = YES;
				CLANG_WARN_EMPTY_BODY = YES;
				CLANG_WARN_ENUM_CONVERSION = YES;
				CLANG_WARN_INFINITE_RECURSION = YES;
				CLANG_WARN_INT_CONVERSION = YES;
				CLANG_WARN_NON_LITERAL_NULL_CONVERSION = YES;
				CLANG_WARN_OBJC_IMPLICIT_RETAIN_SELF = YES;
				CLANG_WARN_OBJC_LITERAL_CONVERSION = YES;
				CLANG_WARN_OBJC_ROOT_CLASS = YES_ERROR;
				CLANG_WARN_RANGE_LOOP_ANALYSIS = YES;
				CLANG_WARN_STRICT_PROTOTYPES = YES;
				CLANG_WARN_SUSPICIOUS_MOVE = YES;
				CLANG_WARN_UNGUARDED_AVAILABILITY = YES_AGGRESSIVE;
				CLANG_WARN_UNREACHABLE_CODE = YES;
				CLANG_WARN__DUPLICATE_METHOD_MATCH = YES;
				COPY_PHASE_STRIP = NO;
				DEBUG_INFORMATION_FORMAT = dwarf;
				ENABLE_STRICT_OBJC_MSGSEND = YES;
				ENABLE_TESTABILITY = YES;
				GCC_C_LANGUAGE_STANDARD = gnu11;
				GCC_DYNAMIC_NO_PIC = NO;
				GCC_NO_COMMON_BLOCKS = YES;
				GCC_OPTIMIZATION_LEVEL = 0;
				GCC_PREPROCESSOR_DEFINITIONS = (
					"DEBUG=1",
					"$(inherited)",
				);
				GCC_WARN_64_TO_32_BIT_CONVERSION = YES;
				GCC_WARN_ABOUT_RETURN_TYPE = YES_ERROR;
				GCC_WARN_UNDECLARED_SELECTOR = YES;
				GCC_WARN_UNINITIALIZED_AUTOS = YES_AGGRESSIVE;
				GCC_WARN_UNUSED_FUNCTION = YES;
				GCC_WARN_UNUSED_VARIABLE = YES;
				IPHONEOS_DEPLOYMENT_TARGET = 13.2;
				MTL_ENABLE_DEBUG_INFO = INCLUDE_SOURCE;
				MTL_FAST_MATH = YES;
				ONLY_ACTIVE_ARCH = YES;
				SDKROOT = iphoneos;
				SWIFT_ACTIVE_COMPILATION_CONDITIONS = DEBUG;
				SWIFT_OPTIMIZATION_LEVEL = "-Onone";
			};
			name = Debug;
		};
		890EDEEB259DBBEE00BDEBEF /* Release */ = {
			isa = XCBuildConfiguration;
			buildSettings = {
				ALWAYS_SEARCH_USER_PATHS = NO;
				CLANG_ANALYZER_NONNULL = YES;
				CLANG_ANALYZER_NUMBER_OBJECT_CONVERSION = YES_AGGRESSIVE;
				CLANG_CXX_LANGUAGE_STANDARD = "gnu++14";
				CLANG_CXX_LIBRARY = "libc++";
				CLANG_ENABLE_MODULES = YES;
				CLANG_ENABLE_OBJC_ARC = YES;
				CLANG_ENABLE_OBJC_WEAK = YES;
				CLANG_WARN_BLOCK_CAPTURE_AUTORELEASING = YES;
				CLANG_WARN_BOOL_CONVERSION = YES;
				CLANG_WARN_COMMA = YES;
				CLANG_WARN_CONSTANT_CONVERSION = YES;
				CLANG_WARN_DEPRECATED_OBJC_IMPLEMENTATIONS = YES;
				CLANG_WARN_DIRECT_OBJC_ISA_USAGE = YES_ERROR;
				CLANG_WARN_DOCUMENTATION_COMMENTS = YES;
				CLANG_WARN_EMPTY_BODY = YES;
				CLANG_WARN_ENUM_CONVERSION = YES;
				CLANG_WARN_INFINITE_RECURSION = YES;
				CLANG_WARN_INT_CONVERSION = YES;
				CLANG_WARN_NON_LITERAL_NULL_CONVERSION = YES;
				CLANG_WARN_OBJC_IMPLICIT_RETAIN_SELF = YES;
				CLANG_WARN_OBJC_LITERAL_CONVERSION = YES;
				CLANG_WARN_OBJC_ROOT_CLASS = YES_ERROR;
				CLANG_WARN_RANGE_LOOP_ANALYSIS = YES;
				CLANG_WARN_STRICT_PROTOTYPES = YES;
				CLANG_WARN_SUSPICIOUS_MOVE = YES;
				CLANG_WARN_UNGUARDED_AVAILABILITY = YES_AGGRESSIVE;
				CLANG_WARN_UNREACHABLE_CODE = YES;
				CLANG_WARN__DUPLICATE_METHOD_MATCH = YES;
				COPY_PHASE_STRIP = NO;
				DEBUG_INFORMATION_FORMAT = "dwarf-with-dsym";
				ENABLE_NS_ASSERTIONS = NO;
				ENABLE_STRICT_OBJC_MSGSEND = YES;
				GCC_C_LANGUAGE_STANDARD = gnu11;
				GCC_NO_COMMON_BLOCKS = YES;
				GCC_WARN_64_TO_32_BIT_CONVERSION = YES;
				GCC_WARN_ABOUT_RETURN_TYPE = YES_ERROR;
				GCC_WARN_UNDECLARED_SELECTOR = YES;
				GCC_WARN_UNINITIALIZED_AUTOS = YES_AGGRESSIVE;
				GCC_WARN_UNUSED_FUNCTION = YES;
				GCC_WARN_UNUSED_VARIABLE = YES;
				IPHONEOS_DEPLOYMENT_TARGET = 13.2;
				MTL_ENABLE_DEBUG_INFO = NO;
				MTL_FAST_MATH = YES;
				SDKROOT = iphoneos;
				SWIFT_COMPILATION_MODE = wholemodule;
				SWIFT_OPTIMIZATION_LEVEL = "-O";
				VALIDATE_PRODUCT = YES;
			};
			name = Release;
		};
		890EDEED259DBBEE00BDEBEF /* Debug */ = {
			isa = XCBuildConfiguration;
			buildSettings = {
				ASSETCATALOG_COMPILER_APPICON_NAME = AppIcon;
				CODE_SIGN_STYLE = Automatic;
				DEVELOPMENT_TEAM = BAFJ582D2S;
				INFOPLIST_FILE = Foodify/Info.plist;
				LD_RUNPATH_SEARCH_PATHS = (
					"$(inherited)",
					"@executable_path/Frameworks",
				);
				PRODUCT_BUNDLE_IDENTIFIER = id.go.kemenag.Foodify;
				PRODUCT_NAME = "$(TARGET_NAME)";
				SWIFT_VERSION = 5.0;
				TARGETED_DEVICE_FAMILY = "1,2";
			};
			name = Debug;
		};
		890EDEEE259DBBEE00BDEBEF /* Release */ = {
			isa = XCBuildConfiguration;
			buildSettings = {
				ASSETCATALOG_COMPILER_APPICON_NAME = AppIcon;
				CODE_SIGN_STYLE = Automatic;
				DEVELOPMENT_TEAM = BAFJ582D2S;
				INFOPLIST_FILE = Foodify/Info.plist;
				LD_RUNPATH_SEARCH_PATHS = (
					"$(inherited)",
					"@executable_path/Frameworks",
				);
				PRODUCT_BUNDLE_IDENTIFIER = id.go.kemenag.Foodify;
				PRODUCT_NAME = "$(TARGET_NAME)";
				SWIFT_VERSION = 5.0;
				TARGETED_DEVICE_FAMILY = "1,2";
			};
			name = Release;
		};
/* End XCBuildConfiguration section */

/* Begin XCConfigurationList section */
		890EDED3259DBBEE00BDEBEF /* Build configuration list for PBXProject "Foodify" */ = {
			isa = XCConfigurationList;
			buildConfigurations = (
				890EDEEA259DBBEE00BDEBEF /* Debug */,
				890EDEEB259DBBEE00BDEBEF /* Release */,
			);
			defaultConfigurationIsVisible = 0;
			defaultConfigurationName = Release;
		};
		890EDEEC259DBBEE00BDEBEF /* Build configuration list for PBXNativeTarget "Foodify" */ = {
			isa = XCConfigurationList;
			buildConfigurations = (
				890EDEED259DBBEE00BDEBEF /* Debug */,
				890EDEEE259DBBEE00BDEBEF /* Release */,
			);
			defaultConfigurationIsVisible = 0;
			defaultConfigurationName = Release;
		};
/* End XCConfigurationList section */
	};
	rootObject = 890EDED0259DBBEE00BDEBEF /* Project object */;
}
