// !$*UTF8*$!
{
	archiveVersion = 1;
	classes = {
	};
	objectVersion = 52;
	objects = {

/* Begin PBXBuildFile section */
		8904AA1B25AC9CA500B32B26 /* ProfilePresenter.swift in Sources */ = {isa = PBXBuildFile; fileRef = 8904AA1A25AC9CA500B32B26 /* ProfilePresenter.swift */; };
		8904AA1D25AC9CAD00B32B26 /* ProfileRouter.swift in Sources */ = {isa = PBXBuildFile; fileRef = 8904AA1C25AC9CAD00B32B26 /* ProfileRouter.swift */; };
		890EDEDC259DBBEE00BDEBEF /* AppDelegate.swift in Sources */ = {isa = PBXBuildFile; fileRef = 890EDEDB259DBBEE00BDEBEF /* AppDelegate.swift */; };
		890EDEDE259DBBEE00BDEBEF /* SceneDelegate.swift in Sources */ = {isa = PBXBuildFile; fileRef = 890EDEDD259DBBEE00BDEBEF /* SceneDelegate.swift */; };
		890EDEE0259DBBEE00BDEBEF /* HomeView.swift in Sources */ = {isa = PBXBuildFile; fileRef = 890EDEDF259DBBEE00BDEBEF /* HomeView.swift */; };
		890EDEE3259DBBEE00BDEBEF /* Main.storyboard in Resources */ = {isa = PBXBuildFile; fileRef = 890EDEE1259DBBEE00BDEBEF /* Main.storyboard */; };
		890EDEE5259DBBEE00BDEBEF /* Assets.xcassets in Resources */ = {isa = PBXBuildFile; fileRef = 890EDEE4259DBBEE00BDEBEF /* Assets.xcassets */; };
		890EDEE8259DBBEE00BDEBEF /* LaunchScreen.storyboard in Resources */ = {isa = PBXBuildFile; fileRef = 890EDEE6259DBBEE00BDEBEF /* LaunchScreen.storyboard */; };
		890EDF03259DC3C500BDEBEF /* CategoryModel.swift in Sources */ = {isa = PBXBuildFile; fileRef = 890EDF02259DC3C500BDEBEF /* CategoryModel.swift */; };
		890EDF07259DC69E00BDEBEF /* LocaleDataSource.swift in Sources */ = {isa = PBXBuildFile; fileRef = 890EDF06259DC69E00BDEBEF /* LocaleDataSource.swift */; };
		890EDF09259DC6AC00BDEBEF /* CategoryResponse.swift in Sources */ = {isa = PBXBuildFile; fileRef = 890EDF08259DC6AC00BDEBEF /* CategoryResponse.swift */; };
		890EDF0B259DC6B700BDEBEF /* RemoteDataSource.swift in Sources */ = {isa = PBXBuildFile; fileRef = 890EDF0A259DC6B700BDEBEF /* RemoteDataSource.swift */; };
		890EDF0D259DC6C800BDEBEF /* DataRepository.swift in Sources */ = {isa = PBXBuildFile; fileRef = 890EDF0C259DC6C800BDEBEF /* DataRepository.swift */; };
		890EDF10259DD07D00BDEBEF /* Realm in Frameworks */ = {isa = PBXBuildFile; productRef = 890EDF0F259DD07D00BDEBEF /* Realm */; };
		890EDF12259DD07D00BDEBEF /* RealmSwift in Frameworks */ = {isa = PBXBuildFile; productRef = 890EDF11259DD07D00BDEBEF /* RealmSwift */; };
		890EDF16259DD44300BDEBEF /* Alamofire in Frameworks */ = {isa = PBXBuildFile; productRef = 890EDF15259DD44300BDEBEF /* Alamofire */; };
		890EDF19259DD5A000BDEBEF /* SDWebImage in Frameworks */ = {isa = PBXBuildFile; productRef = 890EDF18259DD5A000BDEBEF /* SDWebImage */; };
		890EDF1B259DD5A000BDEBEF /* SDWebImageMapKit in Frameworks */ = {isa = PBXBuildFile; productRef = 890EDF1A259DD5A000BDEBEF /* SDWebImageMapKit */; };
		890EDF20259DDA4600BDEBEF /* MealResponse.swift in Sources */ = {isa = PBXBuildFile; fileRef = 890EDF1F259DDA4600BDEBEF /* MealResponse.swift */; };
		890EDF22259DDA4E00BDEBEF /* DetailResponse.swift in Sources */ = {isa = PBXBuildFile; fileRef = 890EDF21259DDA4E00BDEBEF /* DetailResponse.swift */; };
		890EDF24259DF26800BDEBEF /* DetailEntity.swift in Sources */ = {isa = PBXBuildFile; fileRef = 890EDF23259DF26800BDEBEF /* DetailEntity.swift */; };
		890EDF27259DF6DB00BDEBEF /* ResultsExtension.swift in Sources */ = {isa = PBXBuildFile; fileRef = 890EDF26259DF6DB00BDEBEF /* ResultsExtension.swift */; };
		890EDF29259DFBB700BDEBEF /* ErrorExtension.swift in Sources */ = {isa = PBXBuildFile; fileRef = 890EDF28259DFBB700BDEBEF /* ErrorExtension.swift */; };
		890EDF2C259DFE8C00BDEBEF /* APICall.swift in Sources */ = {isa = PBXBuildFile; fileRef = 890EDF2B259DFE8C00BDEBEF /* APICall.swift */; };
		890EDF2F259E0F2B00BDEBEF /* ModelMapper.swift in Sources */ = {isa = PBXBuildFile; fileRef = 890EDF2E259E0F2B00BDEBEF /* ModelMapper.swift */; };
		890EDF31259E10FE00BDEBEF /* HomeInteractor.swift in Sources */ = {isa = PBXBuildFile; fileRef = 890EDF30259E10FE00BDEBEF /* HomeInteractor.swift */; };
		890EDF33259E11F700BDEBEF /* HomePresenter.swift in Sources */ = {isa = PBXBuildFile; fileRef = 890EDF32259E11F700BDEBEF /* HomePresenter.swift */; };
		890EDF35259E168500BDEBEF /* Injection.swift in Sources */ = {isa = PBXBuildFile; fileRef = 890EDF34259E168500BDEBEF /* Injection.swift */; };
		891DFF4925BC65ED00F14751 /* Debouncer.swift in Sources */ = {isa = PBXBuildFile; fileRef = 891DFF4825BC65ED00F14751 /* Debouncer.swift */; };
		893996E425A05FF6007344DA /* .swiftlint.yml in Resources */ = {isa = PBXBuildFile; fileRef = 893996E325A05FF6007344DA /* .swiftlint.yml */; };
		893996EA25A071B3007344DA /* HomeTableViewCell.xib in Resources */ = {isa = PBXBuildFile; fileRef = 893996E925A071B3007344DA /* HomeTableViewCell.xib */; };
		893996ED25A088E9007344DA /* CategoryTableViewCell.swift in Sources */ = {isa = PBXBuildFile; fileRef = 893996EC25A088E9007344DA /* CategoryTableViewCell.swift */; };
		893996F125A08BEE007344DA /* MealsPresenter.swift in Sources */ = {isa = PBXBuildFile; fileRef = 893996F025A08BEE007344DA /* MealsPresenter.swift */; };
		893996F325A08ED5007344DA /* MealsView.swift in Sources */ = {isa = PBXBuildFile; fileRef = 893996F225A08ED5007344DA /* MealsView.swift */; };
		893996F525A17767007344DA /* MealsView.xib in Resources */ = {isa = PBXBuildFile; fileRef = 893996F425A17767007344DA /* MealsView.xib */; };
		893996F725A18AC7007344DA /* MealModel.swift in Sources */ = {isa = PBXBuildFile; fileRef = 893996F625A18AC7007344DA /* MealModel.swift */; };
		893996FB25A1BC7B007344DA /* MealTableViewCell.swift in Sources */ = {isa = PBXBuildFile; fileRef = 893996F925A1BC7B007344DA /* MealTableViewCell.swift */; };
		893996FC25A1BC7B007344DA /* MealTableViewCell.xib in Resources */ = {isa = PBXBuildFile; fileRef = 893996FA25A1BC7B007344DA /* MealTableViewCell.xib */; };
		893F7D2F25BC1E62005892F3 /* SearchView.swift in Sources */ = {isa = PBXBuildFile; fileRef = 893F7D2D25BC1E62005892F3 /* SearchView.swift */; };
		893F7D3025BC1E62005892F3 /* SearchView.xib in Resources */ = {isa = PBXBuildFile; fileRef = 893F7D2E25BC1E62005892F3 /* SearchView.xib */; };
		893F7D3225BC1E84005892F3 /* SearchRouter.swift in Sources */ = {isa = PBXBuildFile; fileRef = 893F7D3125BC1E84005892F3 /* SearchRouter.swift */; };
		893F7D3425BC1E8E005892F3 /* SearchPresenter.swift in Sources */ = {isa = PBXBuildFile; fileRef = 893F7D3325BC1E8E005892F3 /* SearchPresenter.swift */; };
		893F7D3625BC1E99005892F3 /* SearchInteractor.swift in Sources */ = {isa = PBXBuildFile; fileRef = 893F7D3525BC1E99005892F3 /* SearchInteractor.swift */; };
		89424D4525B9AC4D00AE813C /* UIImageViewExtension.swift in Sources */ = {isa = PBXBuildFile; fileRef = 89424D4425B9AC4D00AE813C /* UIImageViewExtension.swift */; };
		89424D4725B9CFAD00AE813C /* CGFloatExtension.swift in Sources */ = {isa = PBXBuildFile; fileRef = 89424D4625B9CFAD00AE813C /* CGFloatExtension.swift */; };
		89424D4925B9D05200AE813C /* UIColorExtension.swift in Sources */ = {isa = PBXBuildFile; fileRef = 89424D4825B9D05200AE813C /* UIColorExtension.swift */; };
		8953D0F625AB506A00F63EF2 /* StringExtension.swift in Sources */ = {isa = PBXBuildFile; fileRef = 8953D0F525AB506A00F63EF2 /* StringExtension.swift */; };
		897D7CA9259E4E0000A7BD86 /* DetailModel.swift in Sources */ = {isa = PBXBuildFile; fileRef = 897D7CA8259E4E0000A7BD86 /* DetailModel.swift */; };
		897D7CAB259E4EA300A7BD86 /* DetailInteractor.swift in Sources */ = {isa = PBXBuildFile; fileRef = 897D7CAA259E4EA300A7BD86 /* DetailInteractor.swift */; };
		897D7CAD259E4EB100A7BD86 /* HomeRouter.swift in Sources */ = {isa = PBXBuildFile; fileRef = 897D7CAC259E4EB100A7BD86 /* HomeRouter.swift */; };
		897D7CB3259E500300A7BD86 /* DetailPresenter.swift in Sources */ = {isa = PBXBuildFile; fileRef = 897D7CB2259E500300A7BD86 /* DetailPresenter.swift */; };
		897D7CBD259E513100A7BD86 /* MealsInteractor.swift in Sources */ = {isa = PBXBuildFile; fileRef = 897D7CBC259E513100A7BD86 /* MealsInteractor.swift */; };
		89E3C99125A1EEF200EEECB2 /* MealsRouter.swift in Sources */ = {isa = PBXBuildFile; fileRef = 89E3C99025A1EEF200EEECB2 /* MealsRouter.swift */; };
		89E3C99425A1EF2C00EEECB2 /* DetailView.swift in Sources */ = {isa = PBXBuildFile; fileRef = 89E3C99225A1EF2C00EEECB2 /* DetailView.swift */; };
		89E3C99525A1EF2C00EEECB2 /* DetailView.xib in Resources */ = {isa = PBXBuildFile; fileRef = 89E3C99325A1EF2C00EEECB2 /* DetailView.xib */; };
		89E3C99D25A20CB000EEECB2 /* FavoriteMealPresenter.swift in Sources */ = {isa = PBXBuildFile; fileRef = 89E3C99C25A20CB000EEECB2 /* FavoriteMealPresenter.swift */; };
		89E3C99F25A20CBF00EEECB2 /* FavoriteMealRouter.swift in Sources */ = {isa = PBXBuildFile; fileRef = 89E3C99E25A20CBF00EEECB2 /* FavoriteMealRouter.swift */; };
		89F8F2B925A371F6000E448A /* FavoriteMealInteractor.swift in Sources */ = {isa = PBXBuildFile; fileRef = 89F8F2B825A371F6000E448A /* FavoriteMealInteractor.swift */; };
		89F8F2BC25A372A1000E448A /* FavoriteMealView.swift in Sources */ = {isa = PBXBuildFile; fileRef = 89F8F2BA25A372A1000E448A /* FavoriteMealView.swift */; };
		89F8F2BD25A372A1000E448A /* FavoriteMealView.xib in Resources */ = {isa = PBXBuildFile; fileRef = 89F8F2BB25A372A1000E448A /* FavoriteMealView.xib */; };
		89F8F2BF25A372B5000E448A /* ProfileView.swift in Sources */ = {isa = PBXBuildFile; fileRef = 89F8F2BE25A372B5000E448A /* ProfileView.swift */; };
/* End PBXBuildFile section */

/* Begin PBXFileReference section */
		8904AA1A25AC9CA500B32B26 /* ProfilePresenter.swift */ = {isa = PBXFileReference; lastKnownFileType = sourcecode.swift; path = ProfilePresenter.swift; sourceTree = "<group>"; };
		8904AA1C25AC9CAD00B32B26 /* ProfileRouter.swift */ = {isa = PBXFileReference; lastKnownFileType = sourcecode.swift; path = ProfileRouter.swift; sourceTree = "<group>"; };
		890EDED8259DBBEE00BDEBEF /* Foodify.app */ = {isa = PBXFileReference; explicitFileType = wrapper.application; includeInIndex = 0; path = Foodify.app; sourceTree = BUILT_PRODUCTS_DIR; };
		890EDEDB259DBBEE00BDEBEF /* AppDelegate.swift */ = {isa = PBXFileReference; lastKnownFileType = sourcecode.swift; path = AppDelegate.swift; sourceTree = "<group>"; };
		890EDEDD259DBBEE00BDEBEF /* SceneDelegate.swift */ = {isa = PBXFileReference; lastKnownFileType = sourcecode.swift; path = SceneDelegate.swift; sourceTree = "<group>"; };
		890EDEDF259DBBEE00BDEBEF /* HomeView.swift */ = {isa = PBXFileReference; lastKnownFileType = sourcecode.swift; path = HomeView.swift; sourceTree = "<group>"; };
		890EDEE2259DBBEE00BDEBEF /* Base */ = {isa = PBXFileReference; lastKnownFileType = file.storyboard; name = Base; path = Base.lproj/Main.storyboard; sourceTree = "<group>"; };
		890EDEE4259DBBEE00BDEBEF /* Assets.xcassets */ = {isa = PBXFileReference; lastKnownFileType = folder.assetcatalog; path = Assets.xcassets; sourceTree = "<group>"; };
		890EDEE7259DBBEE00BDEBEF /* Base */ = {isa = PBXFileReference; lastKnownFileType = file.storyboard; name = Base; path = Base.lproj/LaunchScreen.storyboard; sourceTree = "<group>"; };
		890EDEE9259DBBEE00BDEBEF /* Info.plist */ = {isa = PBXFileReference; lastKnownFileType = text.plist.xml; path = Info.plist; sourceTree = "<group>"; };
		890EDF02259DC3C500BDEBEF /* CategoryModel.swift */ = {isa = PBXFileReference; lastKnownFileType = sourcecode.swift; path = CategoryModel.swift; sourceTree = "<group>"; };
		890EDF06259DC69E00BDEBEF /* LocaleDataSource.swift */ = {isa = PBXFileReference; lastKnownFileType = sourcecode.swift; path = LocaleDataSource.swift; sourceTree = "<group>"; };
		890EDF08259DC6AC00BDEBEF /* CategoryResponse.swift */ = {isa = PBXFileReference; lastKnownFileType = sourcecode.swift; path = CategoryResponse.swift; sourceTree = "<group>"; };
		890EDF0A259DC6B700BDEBEF /* RemoteDataSource.swift */ = {isa = PBXFileReference; lastKnownFileType = sourcecode.swift; path = RemoteDataSource.swift; sourceTree = "<group>"; };
		890EDF0C259DC6C800BDEBEF /* DataRepository.swift */ = {isa = PBXFileReference; lastKnownFileType = sourcecode.swift; path = DataRepository.swift; sourceTree = "<group>"; };
		890EDF1F259DDA4600BDEBEF /* MealResponse.swift */ = {isa = PBXFileReference; lastKnownFileType = sourcecode.swift; path = MealResponse.swift; sourceTree = "<group>"; };
		890EDF21259DDA4E00BDEBEF /* DetailResponse.swift */ = {isa = PBXFileReference; lastKnownFileType = sourcecode.swift; path = DetailResponse.swift; sourceTree = "<group>"; };
		890EDF23259DF26800BDEBEF /* DetailEntity.swift */ = {isa = PBXFileReference; lastKnownFileType = sourcecode.swift; path = DetailEntity.swift; sourceTree = "<group>"; };
		890EDF26259DF6DB00BDEBEF /* ResultsExtension.swift */ = {isa = PBXFileReference; lastKnownFileType = sourcecode.swift; path = ResultsExtension.swift; sourceTree = "<group>"; };
		890EDF28259DFBB700BDEBEF /* ErrorExtension.swift */ = {isa = PBXFileReference; lastKnownFileType = sourcecode.swift; path = ErrorExtension.swift; sourceTree = "<group>"; };
		890EDF2B259DFE8C00BDEBEF /* APICall.swift */ = {isa = PBXFileReference; lastKnownFileType = sourcecode.swift; path = APICall.swift; sourceTree = "<group>"; };
		890EDF2E259E0F2B00BDEBEF /* ModelMapper.swift */ = {isa = PBXFileReference; lastKnownFileType = sourcecode.swift; path = ModelMapper.swift; sourceTree = "<group>"; };
		890EDF30259E10FE00BDEBEF /* HomeInteractor.swift */ = {isa = PBXFileReference; lastKnownFileType = sourcecode.swift; path = HomeInteractor.swift; sourceTree = "<group>"; };
		890EDF32259E11F700BDEBEF /* HomePresenter.swift */ = {isa = PBXFileReference; lastKnownFileType = sourcecode.swift; path = HomePresenter.swift; sourceTree = "<group>"; };
		890EDF34259E168500BDEBEF /* Injection.swift */ = {isa = PBXFileReference; lastKnownFileType = sourcecode.swift; path = Injection.swift; sourceTree = "<group>"; };
		891DFF4825BC65ED00F14751 /* Debouncer.swift */ = {isa = PBXFileReference; lastKnownFileType = sourcecode.swift; path = Debouncer.swift; sourceTree = "<group>"; };
		893996E325A05FF6007344DA /* .swiftlint.yml */ = {isa = PBXFileReference; lastKnownFileType = text.yaml; path = .swiftlint.yml; sourceTree = "<group>"; };
		893996E925A071B3007344DA /* HomeTableViewCell.xib */ = {isa = PBXFileReference; lastKnownFileType = file.xib; path = HomeTableViewCell.xib; sourceTree = "<group>"; };
		893996EC25A088E9007344DA /* CategoryTableViewCell.swift */ = {isa = PBXFileReference; lastKnownFileType = sourcecode.swift; path = CategoryTableViewCell.swift; sourceTree = "<group>"; };
		893996F025A08BEE007344DA /* MealsPresenter.swift */ = {isa = PBXFileReference; lastKnownFileType = sourcecode.swift; path = MealsPresenter.swift; sourceTree = "<group>"; };
		893996F225A08ED5007344DA /* MealsView.swift */ = {isa = PBXFileReference; lastKnownFileType = sourcecode.swift; path = MealsView.swift; sourceTree = "<group>"; };
		893996F425A17767007344DA /* MealsView.xib */ = {isa = PBXFileReference; lastKnownFileType = file.xib; path = MealsView.xib; sourceTree = "<group>"; };
		893996F625A18AC7007344DA /* MealModel.swift */ = {isa = PBXFileReference; lastKnownFileType = sourcecode.swift; path = MealModel.swift; sourceTree = "<group>"; };
		893996F925A1BC7B007344DA /* MealTableViewCell.swift */ = {isa = PBXFileReference; lastKnownFileType = sourcecode.swift; path = MealTableViewCell.swift; sourceTree = "<group>"; };
		893996FA25A1BC7B007344DA /* MealTableViewCell.xib */ = {isa = PBXFileReference; lastKnownFileType = file.xib; path = MealTableViewCell.xib; sourceTree = "<group>"; };
		893F7D2D25BC1E62005892F3 /* SearchView.swift */ = {isa = PBXFileReference; lastKnownFileType = sourcecode.swift; path = SearchView.swift; sourceTree = "<group>"; };
		893F7D2E25BC1E62005892F3 /* SearchView.xib */ = {isa = PBXFileReference; lastKnownFileType = file.xib; path = SearchView.xib; sourceTree = "<group>"; };
		893F7D3125BC1E84005892F3 /* SearchRouter.swift */ = {isa = PBXFileReference; lastKnownFileType = sourcecode.swift; path = SearchRouter.swift; sourceTree = "<group>"; };
		893F7D3325BC1E8E005892F3 /* SearchPresenter.swift */ = {isa = PBXFileReference; lastKnownFileType = sourcecode.swift; path = SearchPresenter.swift; sourceTree = "<group>"; };
		893F7D3525BC1E99005892F3 /* SearchInteractor.swift */ = {isa = PBXFileReference; lastKnownFileType = sourcecode.swift; path = SearchInteractor.swift; sourceTree = "<group>"; };
		89424D4425B9AC4D00AE813C /* UIImageViewExtension.swift */ = {isa = PBXFileReference; lastKnownFileType = sourcecode.swift; path = UIImageViewExtension.swift; sourceTree = "<group>"; };
		89424D4625B9CFAD00AE813C /* CGFloatExtension.swift */ = {isa = PBXFileReference; lastKnownFileType = sourcecode.swift; path = CGFloatExtension.swift; sourceTree = "<group>"; };
		89424D4825B9D05200AE813C /* UIColorExtension.swift */ = {isa = PBXFileReference; lastKnownFileType = sourcecode.swift; path = UIColorExtension.swift; sourceTree = "<group>"; };
		8953D0F525AB506A00F63EF2 /* StringExtension.swift */ = {isa = PBXFileReference; lastKnownFileType = sourcecode.swift; path = StringExtension.swift; sourceTree = "<group>"; };
		897D7CA8259E4E0000A7BD86 /* DetailModel.swift */ = {isa = PBXFileReference; lastKnownFileType = sourcecode.swift; path = DetailModel.swift; sourceTree = "<group>"; };
		897D7CAA259E4EA300A7BD86 /* DetailInteractor.swift */ = {isa = PBXFileReference; lastKnownFileType = sourcecode.swift; path = DetailInteractor.swift; sourceTree = "<group>"; };
		897D7CAC259E4EB100A7BD86 /* HomeRouter.swift */ = {isa = PBXFileReference; lastKnownFileType = sourcecode.swift; path = HomeRouter.swift; sourceTree = "<group>"; };
		897D7CB2259E500300A7BD86 /* DetailPresenter.swift */ = {isa = PBXFileReference; lastKnownFileType = sourcecode.swift; path = DetailPresenter.swift; sourceTree = "<group>"; };
		897D7CBC259E513100A7BD86 /* MealsInteractor.swift */ = {isa = PBXFileReference; lastKnownFileType = sourcecode.swift; path = MealsInteractor.swift; sourceTree = "<group>"; };
		89E3C99025A1EEF200EEECB2 /* MealsRouter.swift */ = {isa = PBXFileReference; lastKnownFileType = sourcecode.swift; path = MealsRouter.swift; sourceTree = "<group>"; };
		89E3C99225A1EF2C00EEECB2 /* DetailView.swift */ = {isa = PBXFileReference; lastKnownFileType = sourcecode.swift; path = DetailView.swift; sourceTree = "<group>"; };
		89E3C99325A1EF2C00EEECB2 /* DetailView.xib */ = {isa = PBXFileReference; lastKnownFileType = file.xib; path = DetailView.xib; sourceTree = "<group>"; };
		89E3C99C25A20CB000EEECB2 /* FavoriteMealPresenter.swift */ = {isa = PBXFileReference; lastKnownFileType = sourcecode.swift; path = FavoriteMealPresenter.swift; sourceTree = "<group>"; };
		89E3C99E25A20CBF00EEECB2 /* FavoriteMealRouter.swift */ = {isa = PBXFileReference; lastKnownFileType = sourcecode.swift; path = FavoriteMealRouter.swift; sourceTree = "<group>"; };
		89F8F2B825A371F6000E448A /* FavoriteMealInteractor.swift */ = {isa = PBXFileReference; lastKnownFileType = sourcecode.swift; path = FavoriteMealInteractor.swift; sourceTree = "<group>"; };
		89F8F2BA25A372A1000E448A /* FavoriteMealView.swift */ = {isa = PBXFileReference; lastKnownFileType = sourcecode.swift; path = FavoriteMealView.swift; sourceTree = "<group>"; };
		89F8F2BB25A372A1000E448A /* FavoriteMealView.xib */ = {isa = PBXFileReference; lastKnownFileType = file.xib; path = FavoriteMealView.xib; sourceTree = "<group>"; };
		89F8F2BE25A372B5000E448A /* ProfileView.swift */ = {isa = PBXFileReference; lastKnownFileType = sourcecode.swift; path = ProfileView.swift; sourceTree = "<group>"; };
/* End PBXFileReference section */

/* Begin PBXFrameworksBuildPhase section */
		890EDED5259DBBEE00BDEBEF /* Frameworks */ = {
			isa = PBXFrameworksBuildPhase;
			buildActionMask = 2147483647;
			files = (
				890EDF16259DD44300BDEBEF /* Alamofire in Frameworks */,
				890EDF1B259DD5A000BDEBEF /* SDWebImageMapKit in Frameworks */,
				890EDF12259DD07D00BDEBEF /* RealmSwift in Frameworks */,
				890EDF19259DD5A000BDEBEF /* SDWebImage in Frameworks */,
				890EDF10259DD07D00BDEBEF /* Realm in Frameworks */,
			);
			runOnlyForDeploymentPostprocessing = 0;
		};
/* End PBXFrameworksBuildPhase section */

/* Begin PBXGroup section */
		8904AA1825AC9C9500B32B26 /* Router */ = {
			isa = PBXGroup;
			children = (
				8904AA1C25AC9CAD00B32B26 /* ProfileRouter.swift */,
			);
			path = Router;
			sourceTree = "<group>";
		};
		8904AA1925AC9C9900B32B26 /* Presenter */ = {
			isa = PBXGroup;
			children = (
				8904AA1A25AC9CA500B32B26 /* ProfilePresenter.swift */,
			);
			path = Presenter;
			sourceTree = "<group>";
		};
		890EDECF259DBBEE00BDEBEF = {
			isa = PBXGroup;
			children = (
				890EDEDA259DBBEE00BDEBEF /* Foodify */,
				890EDED9259DBBEE00BDEBEF /* Products */,
				893996E325A05FF6007344DA /* .swiftlint.yml */,
			);
			sourceTree = "<group>";
		};
		890EDED9259DBBEE00BDEBEF /* Products */ = {
			isa = PBXGroup;
			children = (
				890EDED8259DBBEE00BDEBEF /* Foodify.app */,
			);
			name = Products;
			sourceTree = "<group>";
		};
		890EDEDA259DBBEE00BDEBEF /* Foodify */ = {
			isa = PBXGroup;
			children = (
				890EDEEF259DC20A00BDEBEF /* App */,
				890EDEF1259DC29B00BDEBEF /* Core */,
				890EDEFC259DC34C00BDEBEF /* Module */,
				890EDEF0259DC23C00BDEBEF /* Supporting Files */,
			);
			path = Foodify;
			sourceTree = "<group>";
		};
		890EDEEF259DC20A00BDEBEF /* App */ = {
			isa = PBXGroup;
			children = (
				890EDEDB259DBBEE00BDEBEF /* AppDelegate.swift */,
				890EDEDD259DBBEE00BDEBEF /* SceneDelegate.swift */,
			);
			path = App;
			sourceTree = "<group>";
		};
		890EDEF0259DC23C00BDEBEF /* Supporting Files */ = {
			isa = PBXGroup;
			children = (
				890EDEE4259DBBEE00BDEBEF /* Assets.xcassets */,
				890EDEE6259DBBEE00BDEBEF /* LaunchScreen.storyboard */,
				890EDEE9259DBBEE00BDEBEF /* Info.plist */,
			);
			path = "Supporting Files";
			sourceTree = "<group>";
		};
		890EDEF1259DC29B00BDEBEF /* Core */ = {
			isa = PBXGroup;
			children = (
				890EDEF2259DC2B600BDEBEF /* Data */,
				890EDEF3259DC2BA00BDEBEF /* DI */,
				890EDEF9259DC30A00BDEBEF /* Domain */,
				890EDEF4259DC2C500BDEBEF /* Utils */,
			);
			path = Core;
			sourceTree = "<group>";
		};
		890EDEF2259DC2B600BDEBEF /* Data */ = {
			isa = PBXGroup;
			children = (
				890EDEF5259DC2EC00BDEBEF /* Locale */,
				890EDEF6259DC2F000BDEBEF /* Remote */,
				890EDF0C259DC6C800BDEBEF /* DataRepository.swift */,
			);
			path = Data;
			sourceTree = "<group>";
		};
		890EDEF3259DC2BA00BDEBEF /* DI */ = {
			isa = PBXGroup;
			children = (
				890EDF34259E168500BDEBEF /* Injection.swift */,
			);
			path = DI;
			sourceTree = "<group>";
		};
		890EDEF4259DC2C500BDEBEF /* Utils */ = {
			isa = PBXGroup;
			children = (
				890EDF2D259E0E5D00BDEBEF /* Mapper */,
				890EDF2A259DFE8100BDEBEF /* Network */,
				890EDF25259DF6CE00BDEBEF /* Extension */,
				891DFF4825BC65ED00F14751 /* Debouncer.swift */,
			);
			path = Utils;
			sourceTree = "<group>";
		};
		890EDEF5259DC2EC00BDEBEF /* Locale */ = {
			isa = PBXGroup;
			children = (
				890EDEF8259DC2FE00BDEBEF /* Entity */,
				890EDF06259DC69E00BDEBEF /* LocaleDataSource.swift */,
			);
			path = Locale;
			sourceTree = "<group>";
		};
		890EDEF6259DC2F000BDEBEF /* Remote */ = {
			isa = PBXGroup;
			children = (
				890EDEF7259DC2F800BDEBEF /* Response */,
				890EDF0A259DC6B700BDEBEF /* RemoteDataSource.swift */,
			);
			path = Remote;
			sourceTree = "<group>";
		};
		890EDEF7259DC2F800BDEBEF /* Response */ = {
			isa = PBXGroup;
			children = (
				890EDF08259DC6AC00BDEBEF /* CategoryResponse.swift */,
				890EDF1F259DDA4600BDEBEF /* MealResponse.swift */,
				890EDF21259DDA4E00BDEBEF /* DetailResponse.swift */,
			);
			path = Response;
			sourceTree = "<group>";
		};
		890EDEF8259DC2FE00BDEBEF /* Entity */ = {
			isa = PBXGroup;
			children = (
				890EDF23259DF26800BDEBEF /* DetailEntity.swift */,
			);
			path = Entity;
			sourceTree = "<group>";
		};
		890EDEF9259DC30A00BDEBEF /* Domain */ = {
			isa = PBXGroup;
			children = (
				890EDEFA259DC32400BDEBEF /* Model */,
				890EDEFB259DC32700BDEBEF /* UseCase */,
			);
			path = Domain;
			sourceTree = "<group>";
		};
		890EDEFA259DC32400BDEBEF /* Model */ = {
			isa = PBXGroup;
			children = (
				890EDF02259DC3C500BDEBEF /* CategoryModel.swift */,
				893996F625A18AC7007344DA /* MealModel.swift */,
				897D7CA8259E4E0000A7BD86 /* DetailModel.swift */,
			);
			path = Model;
			sourceTree = "<group>";
		};
		890EDEFB259DC32700BDEBEF /* UseCase */ = {
			isa = PBXGroup;
			children = (
				890EDF30259E10FE00BDEBEF /* HomeInteractor.swift */,
				897D7CBC259E513100A7BD86 /* MealsInteractor.swift */,
				897D7CAA259E4EA300A7BD86 /* DetailInteractor.swift */,
				89F8F2B825A371F6000E448A /* FavoriteMealInteractor.swift */,
				893F7D3525BC1E99005892F3 /* SearchInteractor.swift */,
			);
			path = UseCase;
			sourceTree = "<group>";
		};
		890EDEFC259DC34C00BDEBEF /* Module */ = {
			isa = PBXGroup;
			children = (
				890EDEFD259DC36000BDEBEF /* Home */,
				897D7CB4259E501800A7BD86 /* Meals */,
				897D7CAE259E4FE700A7BD86 /* Details */,
				89E3C99725A1EFAA00EEECB2 /* Favorite */,
				89E3C99625A1EFA400EEECB2 /* Profile */,
				8975442325BBF2DE00A3CCF3 /* Search */,
				890EDEE1259DBBEE00BDEBEF /* Main.storyboard */,
			);
			path = Module;
			sourceTree = "<group>";
		};
		890EDEFD259DC36000BDEBEF /* Home */ = {
			isa = PBXGroup;
			children = (
				890EDEFE259DC36700BDEBEF /* Presenter */,
				890EDEFF259DC36A00BDEBEF /* Router */,
				890EDF00259DC37400BDEBEF /* View */,
			);
			path = Home;
			sourceTree = "<group>";
		};
		890EDEFE259DC36700BDEBEF /* Presenter */ = {
			isa = PBXGroup;
			children = (
				890EDF32259E11F700BDEBEF /* HomePresenter.swift */,
			);
			path = Presenter;
			sourceTree = "<group>";
		};
		890EDEFF259DC36A00BDEBEF /* Router */ = {
			isa = PBXGroup;
			children = (
				897D7CAC259E4EB100A7BD86 /* HomeRouter.swift */,
			);
			path = Router;
			sourceTree = "<group>";
		};
		890EDF00259DC37400BDEBEF /* View */ = {
			isa = PBXGroup;
			children = (
				890EDEDF259DBBEE00BDEBEF /* HomeView.swift */,
				893996EB25A088C1007344DA /* Table Cell */,
			);
			path = View;
			sourceTree = "<group>";
		};
		890EDF25259DF6CE00BDEBEF /* Extension */ = {
			isa = PBXGroup;
			children = (
				890EDF26259DF6DB00BDEBEF /* ResultsExtension.swift */,
				890EDF28259DFBB700BDEBEF /* ErrorExtension.swift */,
				8953D0F525AB506A00F63EF2 /* StringExtension.swift */,
				89424D4425B9AC4D00AE813C /* UIImageViewExtension.swift */,
				89424D4625B9CFAD00AE813C /* CGFloatExtension.swift */,
				89424D4825B9D05200AE813C /* UIColorExtension.swift */,
			);
			path = Extension;
			sourceTree = "<group>";
		};
		890EDF2A259DFE8100BDEBEF /* Network */ = {
			isa = PBXGroup;
			children = (
				890EDF2B259DFE8C00BDEBEF /* APICall.swift */,
			);
			path = Network;
			sourceTree = "<group>";
		};
		890EDF2D259E0E5D00BDEBEF /* Mapper */ = {
			isa = PBXGroup;
			children = (
				890EDF2E259E0F2B00BDEBEF /* ModelMapper.swift */,
			);
			path = Mapper;
			sourceTree = "<group>";
		};
		893996EB25A088C1007344DA /* Table Cell */ = {
			isa = PBXGroup;
			children = (
				893996EC25A088E9007344DA /* CategoryTableViewCell.swift */,
				893996E925A071B3007344DA /* HomeTableViewCell.xib */,
			);
			path = "Table Cell";
			sourceTree = "<group>";
		};
		893996F825A1BC4E007344DA /* Table Cell */ = {
			isa = PBXGroup;
			children = (
				893996F925A1BC7B007344DA /* MealTableViewCell.swift */,
				893996FA25A1BC7B007344DA /* MealTableViewCell.xib */,
			);
			path = "Table Cell";
			sourceTree = "<group>";
		};
		8975442325BBF2DE00A3CCF3 /* Search */ = {
			isa = PBXGroup;
			children = (
				8975442625BBF2F400A3CCF3 /* Presenter */,
				8975442525BBF2F000A3CCF3 /* Router */,
				8975442425BBF2ED00A3CCF3 /* View */,
			);
			path = Search;
			sourceTree = "<group>";
		};
		8975442425BBF2ED00A3CCF3 /* View */ = {
			isa = PBXGroup;
			children = (
				893F7D2D25BC1E62005892F3 /* SearchView.swift */,
				893F7D2E25BC1E62005892F3 /* SearchView.xib */,
			);
			path = View;
			sourceTree = "<group>";
		};
		8975442525BBF2F000A3CCF3 /* Router */ = {
			isa = PBXGroup;
			children = (
				893F7D3125BC1E84005892F3 /* SearchRouter.swift */,
			);
			path = Router;
			sourceTree = "<group>";
		};
		8975442625BBF2F400A3CCF3 /* Presenter */ = {
			isa = PBXGroup;
			children = (
				893F7D3325BC1E8E005892F3 /* SearchPresenter.swift */,
			);
			path = Presenter;
			sourceTree = "<group>";
		};
		897D7CAE259E4FE700A7BD86 /* Details */ = {
			isa = PBXGroup;
			children = (
				897D7CB1259E4FF700A7BD86 /* Presenter */,
				897D7CAF259E4FEC00A7BD86 /* View */,
			);
			path = Details;
			sourceTree = "<group>";
		};
		897D7CAF259E4FEC00A7BD86 /* View */ = {
			isa = PBXGroup;
			children = (
				89E3C99225A1EF2C00EEECB2 /* DetailView.swift */,
				89E3C99325A1EF2C00EEECB2 /* DetailView.xib */,
			);
			path = View;
			sourceTree = "<group>";
		};
		897D7CB1259E4FF700A7BD86 /* Presenter */ = {
			isa = PBXGroup;
			children = (
				897D7CB2259E500300A7BD86 /* DetailPresenter.swift */,
			);
			path = Presenter;
			sourceTree = "<group>";
		};
		897D7CB4259E501800A7BD86 /* Meals */ = {
			isa = PBXGroup;
			children = (
				897D7CB7259E502D00A7BD86 /* Presenter */,
				897D7CB6259E502900A7BD86 /* Router */,
				897D7CB5259E502000A7BD86 /* View */,
			);
			path = Meals;
			sourceTree = "<group>";
		};
		897D7CB5259E502000A7BD86 /* View */ = {
			isa = PBXGroup;
			children = (
				893996F225A08ED5007344DA /* MealsView.swift */,
				893996F425A17767007344DA /* MealsView.xib */,
				893996F825A1BC4E007344DA /* Table Cell */,
			);
			path = View;
			sourceTree = "<group>";
		};
		897D7CB6259E502900A7BD86 /* Router */ = {
			isa = PBXGroup;
			children = (
				89E3C99025A1EEF200EEECB2 /* MealsRouter.swift */,
			);
			path = Router;
			sourceTree = "<group>";
		};
		897D7CB7259E502D00A7BD86 /* Presenter */ = {
			isa = PBXGroup;
			children = (
				893996F025A08BEE007344DA /* MealsPresenter.swift */,
			);
			path = Presenter;
			sourceTree = "<group>";
		};
		89E3C99625A1EFA400EEECB2 /* Profile */ = {
			isa = PBXGroup;
			children = (
				8904AA1925AC9C9900B32B26 /* Presenter */,
				8904AA1825AC9C9500B32B26 /* Router */,
				89E3C99825A1EFD900EEECB2 /* View */,
			);
			path = Profile;
			sourceTree = "<group>";
		};
		89E3C99725A1EFAA00EEECB2 /* Favorite */ = {
			isa = PBXGroup;
			children = (
				89E3C99B25A1EFE400EEECB2 /* Presenter */,
				89E3C99A25A1EFE000EEECB2 /* Router */,
				89E3C99925A1EFDC00EEECB2 /* View */,
			);
			path = Favorite;
			sourceTree = "<group>";
		};
		89E3C99825A1EFD900EEECB2 /* View */ = {
			isa = PBXGroup;
			children = (
				89F8F2BE25A372B5000E448A /* ProfileView.swift */,
			);
			path = View;
			sourceTree = "<group>";
		};
		89E3C99925A1EFDC00EEECB2 /* View */ = {
			isa = PBXGroup;
			children = (
				89F8F2BA25A372A1000E448A /* FavoriteMealView.swift */,
				89F8F2BB25A372A1000E448A /* FavoriteMealView.xib */,
			);
			path = View;
			sourceTree = "<group>";
		};
		89E3C99A25A1EFE000EEECB2 /* Router */ = {
			isa = PBXGroup;
			children = (
				89E3C99E25A20CBF00EEECB2 /* FavoriteMealRouter.swift */,
			);
			path = Router;
			sourceTree = "<group>";
		};
		89E3C99B25A1EFE400EEECB2 /* Presenter */ = {
			isa = PBXGroup;
			children = (
				89E3C99C25A20CB000EEECB2 /* FavoriteMealPresenter.swift */,
			);
			path = Presenter;
			sourceTree = "<group>";
		};
/* End PBXGroup section */

/* Begin PBXNativeTarget section */
		890EDED7259DBBEE00BDEBEF /* Foodify */ = {
			isa = PBXNativeTarget;
			buildConfigurationList = 890EDEEC259DBBEE00BDEBEF /* Build configuration list for PBXNativeTarget "Foodify" */;
			buildPhases = (
				890EDED4259DBBEE00BDEBEF /* Sources */,
				890EDED5259DBBEE00BDEBEF /* Frameworks */,
				890EDED6259DBBEE00BDEBEF /* Resources */,
				890EDF13259DD08600BDEBEF /* ShellScript */,
			);
			buildRules = (
			);
			dependencies = (
			);
			name = Foodify;
			packageProductDependencies = (
				890EDF0F259DD07D00BDEBEF /* Realm */,
				890EDF11259DD07D00BDEBEF /* RealmSwift */,
				890EDF15259DD44300BDEBEF /* Alamofire */,
				890EDF18259DD5A000BDEBEF /* SDWebImage */,
				890EDF1A259DD5A000BDEBEF /* SDWebImageMapKit */,
			);
			productName = Foodify;
			productReference = 890EDED8259DBBEE00BDEBEF /* Foodify.app */;
			productType = "com.apple.product-type.application";
		};
/* End PBXNativeTarget section */

/* Begin PBXProject section */
		890EDED0259DBBEE00BDEBEF /* Project object */ = {
			isa = PBXProject;
			attributes = {
				LastSwiftUpdateCheck = 1130;
				LastUpgradeCheck = 1130;
				ORGANIZATIONNAME = "Kementerian Agama RI";
				TargetAttributes = {
					890EDED7259DBBEE00BDEBEF = {
						CreatedOnToolsVersion = 11.3.1;
					};
				};
			};
			buildConfigurationList = 890EDED3259DBBEE00BDEBEF /* Build configuration list for PBXProject "Foodify" */;
			compatibilityVersion = "Xcode 9.3";
			developmentRegion = en;
			hasScannedForEncodings = 0;
			knownRegions = (
				en,
				Base,
			);
			mainGroup = 890EDECF259DBBEE00BDEBEF;
			packageReferences = (
				890EDF0E259DD07D00BDEBEF /* XCRemoteSwiftPackageReference "realm-cocoa" */,
				890EDF14259DD44200BDEBEF /* XCRemoteSwiftPackageReference "Alamofire" */,
				890EDF17259DD5A000BDEBEF /* XCRemoteSwiftPackageReference "SDWebImage" */,
			);
			productRefGroup = 890EDED9259DBBEE00BDEBEF /* Products */;
			projectDirPath = "";
			projectRoot = "";
			targets = (
				890EDED7259DBBEE00BDEBEF /* Foodify */,
			);
		};
/* End PBXProject section */

/* Begin PBXResourcesBuildPhase section */
		890EDED6259DBBEE00BDEBEF /* Resources */ = {
			isa = PBXResourcesBuildPhase;
			buildActionMask = 2147483647;
			files = (
				893996E425A05FF6007344DA /* .swiftlint.yml in Resources */,
				89E3C99525A1EF2C00EEECB2 /* DetailView.xib in Resources */,
				893996F525A17767007344DA /* MealsView.xib in Resources */,
				89F8F2BD25A372A1000E448A /* FavoriteMealView.xib in Resources */,
				890EDEE8259DBBEE00BDEBEF /* LaunchScreen.storyboard in Resources */,
				890EDEE5259DBBEE00BDEBEF /* Assets.xcassets in Resources */,
				893996FC25A1BC7B007344DA /* MealTableViewCell.xib in Resources */,
				893996EA25A071B3007344DA /* HomeTableViewCell.xib in Resources */,
				893F7D3025BC1E62005892F3 /* SearchView.xib in Resources */,
				890EDEE3259DBBEE00BDEBEF /* Main.storyboard in Resources */,
			);
			runOnlyForDeploymentPostprocessing = 0;
		};
/* End PBXResourcesBuildPhase section */

/* Begin PBXShellScriptBuildPhase section */
		890EDF13259DD08600BDEBEF /* ShellScript */ = {
			isa = PBXShellScriptBuildPhase;
			buildActionMask = 2147483647;
			files = (
			);
			inputFileListPaths = (
			);
			inputPaths = (
			);
			outputFileListPaths = (
			);
			outputPaths = (
			);
			runOnlyForDeploymentPostprocessing = 0;
			shellPath = /bin/sh;
			shellScript = "# Type a script or drag a script file from your workspace to insert its path.\nif which swiftlint >/dev/null; then\n  swiftlint\nelse\n  echo \"warning: SwitftLint not installed\"\nfi\n";
		};
/* End PBXShellScriptBuildPhase section */

/* Begin PBXSourcesBuildPhase section */
		890EDED4259DBBEE00BDEBEF /* Sources */ = {
			isa = PBXSourcesBuildPhase;
			buildActionMask = 2147483647;
			files = (
				890EDF0B259DC6B700BDEBEF /* RemoteDataSource.swift in Sources */,
				893996F725A18AC7007344DA /* MealModel.swift in Sources */,
				890EDF27259DF6DB00BDEBEF /* ResultsExtension.swift in Sources */,
				890EDF2F259E0F2B00BDEBEF /* ModelMapper.swift in Sources */,
				89E3C99F25A20CBF00EEECB2 /* FavoriteMealRouter.swift in Sources */,
				89F8F2BF25A372B5000E448A /* ProfileView.swift in Sources */,
				897D7CA9259E4E0000A7BD86 /* DetailModel.swift in Sources */,
				89424D4525B9AC4D00AE813C /* UIImageViewExtension.swift in Sources */,
				890EDF2C259DFE8C00BDEBEF /* APICall.swift in Sources */,
				89424D4725B9CFAD00AE813C /* CGFloatExtension.swift in Sources */,
				890EDF22259DDA4E00BDEBEF /* DetailResponse.swift in Sources */,
				890EDF07259DC69E00BDEBEF /* LocaleDataSource.swift in Sources */,
				893996F325A08ED5007344DA /* MealsView.swift in Sources */,
				890EDEE0259DBBEE00BDEBEF /* HomeView.swift in Sources */,
				897D7CAB259E4EA300A7BD86 /* DetailInteractor.swift in Sources */,
				893F7D3225BC1E84005892F3 /* SearchRouter.swift in Sources */,
				89F8F2B925A371F6000E448A /* FavoriteMealInteractor.swift in Sources */,
				890EDF09259DC6AC00BDEBEF /* CategoryResponse.swift in Sources */,
				89424D4925B9D05200AE813C /* UIColorExtension.swift in Sources */,
				8953D0F625AB506A00F63EF2 /* StringExtension.swift in Sources */,
				89E3C99425A1EF2C00EEECB2 /* DetailView.swift in Sources */,
				893996F125A08BEE007344DA /* MealsPresenter.swift in Sources */,
				893F7D3425BC1E8E005892F3 /* SearchPresenter.swift in Sources */,
				893996FB25A1BC7B007344DA /* MealTableViewCell.swift in Sources */,
				897D7CB3259E500300A7BD86 /* DetailPresenter.swift in Sources */,
				897D7CAD259E4EB100A7BD86 /* HomeRouter.swift in Sources */,
				890EDF03259DC3C500BDEBEF /* CategoryModel.swift in Sources */,
				89E3C99D25A20CB000EEECB2 /* FavoriteMealPresenter.swift in Sources */,
				8904AA1D25AC9CAD00B32B26 /* ProfileRouter.swift in Sources */,
				890EDF20259DDA4600BDEBEF /* MealResponse.swift in Sources */,
				890EDEDC259DBBEE00BDEBEF /* AppDelegate.swift in Sources */,
				890EDF0D259DC6C800BDEBEF /* DataRepository.swift in Sources */,
				890EDF24259DF26800BDEBEF /* DetailEntity.swift in Sources */,
				89E3C99125A1EEF200EEECB2 /* MealsRouter.swift in Sources */,
				890EDEDE259DBBEE00BDEBEF /* SceneDelegate.swift in Sources */,
				890EDF29259DFBB700BDEBEF /* ErrorExtension.swift in Sources */,
				890EDF33259E11F700BDEBEF /* HomePresenter.swift in Sources */,
				891DFF4925BC65ED00F14751 /* Debouncer.swift in Sources */,
				897D7CBD259E513100A7BD86 /* MealsInteractor.swift in Sources */,
				893F7D2F25BC1E62005892F3 /* SearchView.swift in Sources */,
				893F7D3625BC1E99005892F3 /* SearchInteractor.swift in Sources */,
				890EDF31259E10FE00BDEBEF /* HomeInteractor.swift in Sources */,
				890EDF35259E168500BDEBEF /* Injection.swift in Sources */,
				89F8F2BC25A372A1000E448A /* FavoriteMealView.swift in Sources */,
				893996ED25A088E9007344DA /* CategoryTableViewCell.swift in Sources */,
				8904AA1B25AC9CA500B32B26 /* ProfilePresenter.swift in Sources */,
			);
			runOnlyForDeploymentPostprocessing = 0;
		};
/* End PBXSourcesBuildPhase section */

/* Begin PBXVariantGroup section */
		890EDEE1259DBBEE00BDEBEF /* Main.storyboard */ = {
			isa = PBXVariantGroup;
			children = (
				890EDEE2259DBBEE00BDEBEF /* Base */,
			);
			name = Main.storyboard;
			sourceTree = "<group>";
		};
		890EDEE6259DBBEE00BDEBEF /* LaunchScreen.storyboard */ = {
			isa = PBXVariantGroup;
			children = (
				890EDEE7259DBBEE00BDEBEF /* Base */,
			);
			name = LaunchScreen.storyboard;
			sourceTree = "<group>";
		};
/* End PBXVariantGroup section */

/* Begin XCBuildConfiguration section */
		890EDEEA259DBBEE00BDEBEF /* Debug */ = {
			isa = XCBuildConfiguration;
			buildSettings = {
				ALWAYS_SEARCH_USER_PATHS = NO;
				CLANG_ANALYZER_NONNULL = YES;
				CLANG_ANALYZER_NUMBER_OBJECT_CONVERSION = YES_AGGRESSIVE;
				CLANG_CXX_LANGUAGE_STANDARD = "gnu++14";
				CLANG_CXX_LIBRARY = "libc++";
				CLANG_ENABLE_MODULES = YES;
				CLANG_ENABLE_OBJC_ARC = YES;
				CLANG_ENABLE_OBJC_WEAK = YES;
				CLANG_WARN_BLOCK_CAPTURE_AUTORELEASING = YES;
				CLANG_WARN_BOOL_CONVERSION = YES;
				CLANG_WARN_COMMA = YES;
				CLANG_WARN_CONSTANT_CONVERSION = YES;
				CLANG_WARN_DEPRECATED_OBJC_IMPLEMENTATIONS = YES;
				CLANG_WARN_DIRECT_OBJC_ISA_USAGE = YES_ERROR;
				CLANG_WARN_DOCUMENTATION_COMMENTS = YES;
				CLANG_WARN_EMPTY_BODY = YES;
				CLANG_WARN_ENUM_CONVERSION = YES;
				CLANG_WARN_INFINITE_RECURSION = YES;
				CLANG_WARN_INT_CONVERSION = YES;
				CLANG_WARN_NON_LITERAL_NULL_CONVERSION = YES;
				CLANG_WARN_OBJC_IMPLICIT_RETAIN_SELF = YES;
				CLANG_WARN_OBJC_LITERAL_CONVERSION = YES;
				CLANG_WARN_OBJC_ROOT_CLASS = YES_ERROR;
				CLANG_WARN_RANGE_LOOP_ANALYSIS = YES;
				CLANG_WARN_STRICT_PROTOTYPES = YES;
				CLANG_WARN_SUSPICIOUS_MOVE = YES;
				CLANG_WARN_UNGUARDED_AVAILABILITY = YES_AGGRESSIVE;
				CLANG_WARN_UNREACHABLE_CODE = YES;
				CLANG_WARN__DUPLICATE_METHOD_MATCH = YES;
				COPY_PHASE_STRIP = NO;
				DEBUG_INFORMATION_FORMAT = dwarf;
				ENABLE_STRICT_OBJC_MSGSEND = YES;
				ENABLE_TESTABILITY = YES;
				GCC_C_LANGUAGE_STANDARD = gnu11;
				GCC_DYNAMIC_NO_PIC = NO;
				GCC_NO_COMMON_BLOCKS = YES;
				GCC_OPTIMIZATION_LEVEL = 0;
				GCC_PREPROCESSOR_DEFINITIONS = (
					"DEBUG=1",
					"$(inherited)",
				);
				GCC_WARN_64_TO_32_BIT_CONVERSION = YES;
				GCC_WARN_ABOUT_RETURN_TYPE = YES_ERROR;
				GCC_WARN_UNDECLARED_SELECTOR = YES;
				GCC_WARN_UNINITIALIZED_AUTOS = YES_AGGRESSIVE;
				GCC_WARN_UNUSED_FUNCTION = YES;
				GCC_WARN_UNUSED_VARIABLE = YES;
				IPHONEOS_DEPLOYMENT_TARGET = 13.0;
				MTL_ENABLE_DEBUG_INFO = INCLUDE_SOURCE;
				MTL_FAST_MATH = YES;
				ONLY_ACTIVE_ARCH = YES;
				SDKROOT = iphoneos;
				SWIFT_ACTIVE_COMPILATION_CONDITIONS = DEBUG;
				SWIFT_OPTIMIZATION_LEVEL = "-Onone";
			};
			name = Debug;
		};
		890EDEEB259DBBEE00BDEBEF /* Release */ = {
			isa = XCBuildConfiguration;
			buildSettings = {
				ALWAYS_SEARCH_USER_PATHS = NO;
				CLANG_ANALYZER_NONNULL = YES;
				CLANG_ANALYZER_NUMBER_OBJECT_CONVERSION = YES_AGGRESSIVE;
				CLANG_CXX_LANGUAGE_STANDARD = "gnu++14";
				CLANG_CXX_LIBRARY = "libc++";
				CLANG_ENABLE_MODULES = YES;
				CLANG_ENABLE_OBJC_ARC = YES;
				CLANG_ENABLE_OBJC_WEAK = YES;
				CLANG_WARN_BLOCK_CAPTURE_AUTORELEASING = YES;
				CLANG_WARN_BOOL_CONVERSION = YES;
				CLANG_WARN_COMMA = YES;
				CLANG_WARN_CONSTANT_CONVERSION = YES;
				CLANG_WARN_DEPRECATED_OBJC_IMPLEMENTATIONS = YES;
				CLANG_WARN_DIRECT_OBJC_ISA_USAGE = YES_ERROR;
				CLANG_WARN_DOCUMENTATION_COMMENTS = YES;
				CLANG_WARN_EMPTY_BODY = YES;
				CLANG_WARN_ENUM_CONVERSION = YES;
				CLANG_WARN_INFINITE_RECURSION = YES;
				CLANG_WARN_INT_CONVERSION = YES;
				CLANG_WARN_NON_LITERAL_NULL_CONVERSION = YES;
				CLANG_WARN_OBJC_IMPLICIT_RETAIN_SELF = YES;
				CLANG_WARN_OBJC_LITERAL_CONVERSION = YES;
				CLANG_WARN_OBJC_ROOT_CLASS = YES_ERROR;
				CLANG_WARN_RANGE_LOOP_ANALYSIS = YES;
				CLANG_WARN_STRICT_PROTOTYPES = YES;
				CLANG_WARN_SUSPICIOUS_MOVE = YES;
				CLANG_WARN_UNGUARDED_AVAILABILITY = YES_AGGRESSIVE;
				CLANG_WARN_UNREACHABLE_CODE = YES;
				CLANG_WARN__DUPLICATE_METHOD_MATCH = YES;
				COPY_PHASE_STRIP = NO;
				DEBUG_INFORMATION_FORMAT = "dwarf-with-dsym";
				ENABLE_NS_ASSERTIONS = NO;
				ENABLE_STRICT_OBJC_MSGSEND = YES;
				GCC_C_LANGUAGE_STANDARD = gnu11;
				GCC_NO_COMMON_BLOCKS = YES;
				GCC_WARN_64_TO_32_BIT_CONVERSION = YES;
				GCC_WARN_ABOUT_RETURN_TYPE = YES_ERROR;
				GCC_WARN_UNDECLARED_SELECTOR = YES;
				GCC_WARN_UNINITIALIZED_AUTOS = YES_AGGRESSIVE;
				GCC_WARN_UNUSED_FUNCTION = YES;
				GCC_WARN_UNUSED_VARIABLE = YES;
				IPHONEOS_DEPLOYMENT_TARGET = 13.0;
				MTL_ENABLE_DEBUG_INFO = NO;
				MTL_FAST_MATH = YES;
				SDKROOT = iphoneos;
				SWIFT_COMPILATION_MODE = wholemodule;
				SWIFT_OPTIMIZATION_LEVEL = "-O";
				VALIDATE_PRODUCT = YES;
			};
			name = Release;
		};
		890EDEED259DBBEE00BDEBEF /* Debug */ = {
			isa = XCBuildConfiguration;
			buildSettings = {
				ASSETCATALOG_COMPILER_APPICON_NAME = AppIcon;
				CODE_SIGN_STYLE = Automatic;
				DEVELOPMENT_TEAM = BAFJ582D2S;
				INFOPLIST_FILE = "Foodify/Supporting Files/Info.plist";
				LD_RUNPATH_SEARCH_PATHS = (
					"$(inherited)",
					"@executable_path/Frameworks",
				);
				PRODUCT_BUNDLE_IDENTIFIER = id.go.kemenag.Foodify;
				PRODUCT_NAME = "$(TARGET_NAME)";
				SWIFT_VERSION = 5.0;
				TARGETED_DEVICE_FAMILY = "1,2";
			};
			name = Debug;
		};
		890EDEEE259DBBEE00BDEBEF /* Release */ = {
			isa = XCBuildConfiguration;
			buildSettings = {
				ASSETCATALOG_COMPILER_APPICON_NAME = AppIcon;
				CODE_SIGN_STYLE = Automatic;
				DEVELOPMENT_TEAM = BAFJ582D2S;
				INFOPLIST_FILE = "Foodify/Supporting Files/Info.plist";
				LD_RUNPATH_SEARCH_PATHS = (
					"$(inherited)",
					"@executable_path/Frameworks",
				);
				PRODUCT_BUNDLE_IDENTIFIER = id.go.kemenag.Foodify;
				PRODUCT_NAME = "$(TARGET_NAME)";
				SWIFT_VERSION = 5.0;
				TARGETED_DEVICE_FAMILY = "1,2";
			};
			name = Release;
		};
/* End XCBuildConfiguration section */

/* Begin XCConfigurationList section */
		890EDED3259DBBEE00BDEBEF /* Build configuration list for PBXProject "Foodify" */ = {
			isa = XCConfigurationList;
			buildConfigurations = (
				890EDEEA259DBBEE00BDEBEF /* Debug */,
				890EDEEB259DBBEE00BDEBEF /* Release */,
			);
			defaultConfigurationIsVisible = 0;
			defaultConfigurationName = Release;
		};
		890EDEEC259DBBEE00BDEBEF /* Build configuration list for PBXNativeTarget "Foodify" */ = {
			isa = XCConfigurationList;
			buildConfigurations = (
				890EDEED259DBBEE00BDEBEF /* Debug */,
				890EDEEE259DBBEE00BDEBEF /* Release */,
			);
			defaultConfigurationIsVisible = 0;
			defaultConfigurationName = Release;
		};
/* End XCConfigurationList section */

/* Begin XCRemoteSwiftPackageReference section */
		890EDF0E259DD07D00BDEBEF /* XCRemoteSwiftPackageReference "realm-cocoa" */ = {
			isa = XCRemoteSwiftPackageReference;
			repositoryURL = "https://github.com/realm/realm-cocoa";
			requirement = {
				kind = upToNextMajorVersion;
				minimumVersion = 10.5.0;
			};
		};
		890EDF14259DD44200BDEBEF /* XCRemoteSwiftPackageReference "Alamofire" */ = {
			isa = XCRemoteSwiftPackageReference;
			repositoryURL = "https://github.com/Alamofire/Alamofire";
			requirement = {
				kind = upToNextMajorVersion;
				minimumVersion = 5.4.1;
			};
		};
		890EDF17259DD5A000BDEBEF /* XCRemoteSwiftPackageReference "SDWebImage" */ = {
			isa = XCRemoteSwiftPackageReference;
			repositoryURL = "https://github.com/SDWebImage/SDWebImage";
			requirement = {
				kind = upToNextMajorVersion;
				minimumVersion = 5.10.2;
			};
		};
/* End XCRemoteSwiftPackageReference section */

/* Begin XCSwiftPackageProductDependency section */
		890EDF0F259DD07D00BDEBEF /* Realm */ = {
			isa = XCSwiftPackageProductDependency;
			package = 890EDF0E259DD07D00BDEBEF /* XCRemoteSwiftPackageReference "realm-cocoa" */;
			productName = Realm;
		};
		890EDF11259DD07D00BDEBEF /* RealmSwift */ = {
			isa = XCSwiftPackageProductDependency;
			package = 890EDF0E259DD07D00BDEBEF /* XCRemoteSwiftPackageReference "realm-cocoa" */;
			productName = RealmSwift;
		};
		890EDF15259DD44300BDEBEF /* Alamofire */ = {
			isa = XCSwiftPackageProductDependency;
			package = 890EDF14259DD44200BDEBEF /* XCRemoteSwiftPackageReference "Alamofire" */;
			productName = Alamofire;
		};
		890EDF18259DD5A000BDEBEF /* SDWebImage */ = {
			isa = XCSwiftPackageProductDependency;
			package = 890EDF17259DD5A000BDEBEF /* XCRemoteSwiftPackageReference "SDWebImage" */;
			productName = SDWebImage;
		};
		890EDF1A259DD5A000BDEBEF /* SDWebImageMapKit */ = {
			isa = XCSwiftPackageProductDependency;
			package = 890EDF17259DD5A000BDEBEF /* XCRemoteSwiftPackageReference "SDWebImage" */;
			productName = SDWebImageMapKit;
		};
/* End XCSwiftPackageProductDependency section */
	};
	rootObject = 890EDED0259DBBEE00BDEBEF /* Project object */;
}
